
Microsoft Visual Studio Solution File, Format Version 12.00
# Visual Studio Version 16
VisualStudioVersion = 16.0.30011.22
MinimumVisualStudioVersion = 10.0.40219.1
Project("{FAE04EC0-301F-11D3-BF4B-00C04F79EFBC}") = "AnimationSticker", "AnimationSticker.csproj", "{976BC685-6BB1-4676-A779-FE92A003F066}"
EndProject
Global
	GlobalSection(SolutionConfigurationPlatforms) = preSolution
		Debug|Any CPU = Debug|Any CPU
		Release|Any CPU = Release|Any CPU
	EndGlobalSection
	GlobalSection(ProjectConfigurationPlatforms) = postSolution
		{976BC685-6BB1-4676-A779-FE92A003F066}.Debug|Any CPU.ActiveCfg = Debug|Any CPU
		{976BC685-6BB1-4676-A779-FE92A003F066}.Debug|Any CPU.Build.0 = Debug|Any CPU
		{976BC685-6BB1-4676-A779-FE92A003F066}.Release|Any CPU.ActiveCfg = Release|Any CPU
		{976BC685-6BB1-4676-A779-FE92A003F066}.Release|Any CPU.Build.0 = Release|Any CPU
	EndGlobalSection
	GlobalSection(SolutionProperties) = preSolution
		HideSolutionNode = FALSE
	EndGlobalSection
	GlobalSection(ExtensibilityGlobals) = postSolution
		SolutionGuid = {EA471168-C895-4872-9394-21EE814D107D}
	EndGlobalSection
EndGlobal
